
Microsoft Visual Studio Solution File, Format Version 12.00
# Visual Studio Version 17
VisualStudioVersion = 17.0.31912.275
MinimumVisualStudioVersion = 10.0.40219.1
Project("{9A19103F-16F7-4668-BE54-9A1E7A4F7556}") = "NNanh.Zolo", "NNanh.Zolo\NNanh.Zolo.csproj", "{67B90984-46D4-4A9F-B0F3-3AC91FC592DD}"
EndProject
Project("{2150E333-8FDC-42A3-9474-1A3956D46DE8}") = "src", "src", "{FED2702B-58E5-4AB8-AB86-9893A84C2400}"
EndProject
Project("{9A19103F-16F7-4668-BE54-9A1E7A4F7556}") = "Application", "Application\Application.csproj", "{6C975FAB-CD43-432D-9FA7-20036E0D929F}"
EndProject
Project("{9A19103F-16F7-4668-BE54-9A1E7A4F7556}") = "Domain", "Domain\Domain.csproj", "{2459200B-25BD-4866-BCEE-0346BFB49499}"
EndProject
Project("{9A19103F-16F7-4668-BE54-9A1E7A4F7556}") = "Infrastructure", "Infrastructure\Infrastructure.csproj", "{B4F35824-F026-4C46-89FC-BBFDC17B8781}"
EndProject
Project("{2150E333-8FDC-42A3-9474-1A3956D46DE8}") = "worker", "worker", "{6E42E429-CC69-4E34-910F-02FF7D59B33D}"
EndProject
Project("{2150E333-8FDC-42A3-9474-1A3956D46DE8}") = "schedule", "schedule", "{B6E68699-D602-4F9F-B49D-8A09BC15BF08}"
EndProject
Project("{2150E333-8FDC-42A3-9474-1A3956D46DE8}") = "docker", "docker", "{160FF640-A064-4E51-9A37-74B74F6E6984}"
	ProjectSection(SolutionItems) = preProject
		read-me-docker.txt = read-me-docker.txt
	EndProjectSection
EndProject
Project("{2150E333-8FDC-42A3-9474-1A3956D46DE8}") = "sql-server", "sql-server", "{0836ABD6-4356-4F5B-89D7-B7FD1278792B}"
	ProjectSection(SolutionItems) = preProject
		sql-server-compose.yml = sql-server-compose.yml
	EndProjectSection
EndProject
Project("{2150E333-8FDC-42A3-9474-1A3956D46DE8}") = "elk", "elk", "{B920CBC1-FD41-4EBF-BF54-A923C70AA87C}"
	ProjectSection(SolutionItems) = preProject
		elk-full.yml = elk-full.yml
		elk.yml = elk.yml
		read-me.txt = read-me.txt
	EndProjectSection
EndProject
Project("{2150E333-8FDC-42A3-9474-1A3956D46DE8}") = "logstash", "logstash", "{8066DF56-1588-45D3-B9FD-110739E5916C}"
	ProjectSection(SolutionItems) = preProject
		logstash.yml = logstash.yml
	EndProjectSection
EndProject
Project("{2150E333-8FDC-42A3-9474-1A3956D46DE8}") = "log", "log", "{ACF8C196-5855-4F46-A9E7-33929DA26B35}"
	ProjectSection(SolutionItems) = preProject
		logstash.conf = logstash.conf
	EndProjectSection
EndProject
Project("{2150E333-8FDC-42A3-9474-1A3956D46DE8}") = "kibana", "kibana", "{3CD988F2-12E7-43D6-B50E-126A5792F82B}"
	ProjectSection(SolutionItems) = preProject
		kibana.yml = kibana.yml
	EndProjectSection
EndProject
Global
	GlobalSection(SolutionConfigurationPlatforms) = preSolution
		Debug|Any CPU = Debug|Any CPU
		Release|Any CPU = Release|Any CPU
	EndGlobalSection
	GlobalSection(ProjectConfigurationPlatforms) = postSolution
		{67B90984-46D4-4A9F-B0F3-3AC91FC592DD}.Debug|Any CPU.ActiveCfg = Debug|Any CPU
		{67B90984-46D4-4A9F-B0F3-3AC91FC592DD}.Debug|Any CPU.Build.0 = Debug|Any CPU
		{67B90984-46D4-4A9F-B0F3-3AC91FC592DD}.Release|Any CPU.ActiveCfg = Release|Any CPU
		{67B90984-46D4-4A9F-B0F3-3AC91FC592DD}.Release|Any CPU.Build.0 = Release|Any CPU
		{6C975FAB-CD43-432D-9FA7-20036E0D929F}.Debug|Any CPU.ActiveCfg = Debug|Any CPU
		{6C975FAB-CD43-432D-9FA7-20036E0D929F}.Debug|Any CPU.Build.0 = Debug|Any CPU
		{6C975FAB-CD43-432D-9FA7-20036E0D929F}.Release|Any CPU.ActiveCfg = Release|Any CPU
		{6C975FAB-CD43-432D-9FA7-20036E0D929F}.Release|Any CPU.Build.0 = Release|Any CPU
		{2459200B-25BD-4866-BCEE-0346BFB49499}.Debug|Any CPU.ActiveCfg = Debug|Any CPU
		{2459200B-25BD-4866-BCEE-0346BFB49499}.Debug|Any CPU.Build.0 = Debug|Any CPU
		{2459200B-25BD-4866-BCEE-0346BFB49499}.Release|Any CPU.ActiveCfg = Release|Any CPU
		{2459200B-25BD-4866-BCEE-0346BFB49499}.Release|Any CPU.Build.0 = Release|Any CPU
		{B4F35824-F026-4C46-89FC-BBFDC17B8781}.Debug|Any CPU.ActiveCfg = Debug|Any CPU
		{B4F35824-F026-4C46-89FC-BBFDC17B8781}.Debug|Any CPU.Build.0 = Debug|Any CPU
		{B4F35824-F026-4C46-89FC-BBFDC17B8781}.Release|Any CPU.ActiveCfg = Release|Any CPU
		{B4F35824-F026-4C46-89FC-BBFDC17B8781}.Release|Any CPU.Build.0 = Release|Any CPU
	EndGlobalSection
	GlobalSection(SolutionProperties) = preSolution
		HideSolutionNode = FALSE
	EndGlobalSection
	GlobalSection(NestedProjects) = preSolution
		{6C975FAB-CD43-432D-9FA7-20036E0D929F} = {FED2702B-58E5-4AB8-AB86-9893A84C2400}
		{2459200B-25BD-4866-BCEE-0346BFB49499} = {FED2702B-58E5-4AB8-AB86-9893A84C2400}
		{B4F35824-F026-4C46-89FC-BBFDC17B8781} = {FED2702B-58E5-4AB8-AB86-9893A84C2400}
		{0836ABD6-4356-4F5B-89D7-B7FD1278792B} = {160FF640-A064-4E51-9A37-74B74F6E6984}
		{B920CBC1-FD41-4EBF-BF54-A923C70AA87C} = {160FF640-A064-4E51-9A37-74B74F6E6984}
		{8066DF56-1588-45D3-B9FD-110739E5916C} = {B920CBC1-FD41-4EBF-BF54-A923C70AA87C}
		{ACF8C196-5855-4F46-A9E7-33929DA26B35} = {8066DF56-1588-45D3-B9FD-110739E5916C}
		{3CD988F2-12E7-43D6-B50E-126A5792F82B} = {B920CBC1-FD41-4EBF-BF54-A923C70AA87C}
	EndGlobalSection
	GlobalSection(ExtensibilityGlobals) = postSolution
		SolutionGuid = {C0E26274-77C2-47EF-930A-DF5900653A95}
	EndGlobalSection
EndGlobal
